
Microsoft Visual Studio Solution File, Format Version 12.00
# Visual Studio Version 16
VisualStudioVersion = 25.0.1700.0
MinimumVisualStudioVersion = 10.0.40219.1
Project("{FAE04EC0-301F-11D3-BF4B-00C04F79EFBC}") = "CavenInstance", "src\CavenInstance\CavenInstance.csproj", "{1521B281-BE93-44C6-A686-52626B2A6C7F}"
EndProject
Project("{E53339B2-1760-4266-BCC7-CA923CBCF16C}") = "docker-compose", "docker-compose.dcproj", "{155F9EAF-877B-4BCC-9CE7-11A8AA13CAFB}"
EndProject
Global
	GlobalSection(SolutionConfigurationPlatforms) = preSolution
		Debug|Any CPU = Debug|Any CPU
		Release|Any CPU = Release|Any CPU
	EndGlobalSection
	GlobalSection(ProjectConfigurationPlatforms) = postSolution
		{1521B281-BE93-44C6-A686-52626B2A6C7F}.Debug|Any CPU.ActiveCfg = Debug|Any CPU
		{1521B281-BE93-44C6-A686-52626B2A6C7F}.Debug|Any CPU.Build.0 = Debug|Any CPU
		{1521B281-BE93-44C6-A686-52626B2A6C7F}.Release|Any CPU.ActiveCfg = Release|Any CPU
		{1521B281-BE93-44C6-A686-52626B2A6C7F}.Release|Any CPU.Build.0 = Release|Any CPU
		{155F9EAF-877B-4BCC-9CE7-11A8AA13CAFB}.Debug|Any CPU.ActiveCfg = Debug|Any CPU
		{155F9EAF-877B-4BCC-9CE7-11A8AA13CAFB}.Debug|Any CPU.Build.0 = Debug|Any CPU
		{155F9EAF-877B-4BCC-9CE7-11A8AA13CAFB}.Release|Any CPU.ActiveCfg = Release|Any CPU
		{155F9EAF-877B-4BCC-9CE7-11A8AA13CAFB}.Release|Any CPU.Build.0 = Release|Any CPU
	EndGlobalSection
	GlobalSection(SolutionProperties) = preSolution
		HideSolutionNode = FALSE
	EndGlobalSection
	GlobalSection(ExtensibilityGlobals) = postSolution
		SolutionGuid = {8E16CD88-0077-4051-B16C-6F5940314D13}
	EndGlobalSection
EndGlobal
